
Microsoft Visual Studio Solution File, Format Version 11.00
# Visual Studio 2010
Project("{FAE04EC0-301F-11D3-BF4B-00C04F79EFBC}") = "Assembly-CSharp-firstpass", "Assembly-CSharp-firstpass.csproj", "{492A9E3C-3A92-0B79-EC07-1858F2869220}"
EndProject
Project("{FAE04EC0-301F-11D3-BF4B-00C04F79EFBC}") = "Assembly-CSharp", "Assembly-CSharp.csproj", "{F7B2519E-0114-E265-D40B-24F9A684A6E1}"
EndProject
Global
	GlobalSection(SolutionConfigurationPlatforms) = preSolution
		Debug|Any CPU = Debug|Any CPU
		Release|Any CPU = Release|Any CPU
	EndGlobalSection
	GlobalSection(ProjectConfigurationPlatforms) = postSolution
		{492A9E3C-3A92-0B79-EC07-1858F2869220}.Debug|Any CPU.ActiveCfg = Debug|Any CPU
		{492A9E3C-3A92-0B79-EC07-1858F2869220}.Debug|Any CPU.Build.0 = Debug|Any CPU
		{492A9E3C-3A92-0B79-EC07-1858F2869220}.Release|Any CPU.ActiveCfg = Release|Any CPU
		{492A9E3C-3A92-0B79-EC07-1858F2869220}.Release|Any CPU.Build.0 = Release|Any CPU
		{F7B2519E-0114-E265-D40B-24F9A684A6E1}.Debug|Any CPU.ActiveCfg = Debug|Any CPU
		{F7B2519E-0114-E265-D40B-24F9A684A6E1}.Debug|Any CPU.Build.0 = Debug|Any CPU
		{F7B2519E-0114-E265-D40B-24F9A684A6E1}.Release|Any CPU.ActiveCfg = Release|Any CPU
		{F7B2519E-0114-E265-D40B-24F9A684A6E1}.Release|Any CPU.Build.0 = Release|Any CPU
	EndGlobalSection
	GlobalSection(SolutionProperties) = preSolution
		HideSolutionNode = FALSE
	EndGlobalSection
	GlobalSection(MonoDevelopProperties) = preSolution
		StartupItem = Assembly-CSharp.csproj
	EndGlobalSection
EndGlobal
